// !$*UTF8*$!
{
	archiveVersion = 1;
	classes = {
	};
	objectVersion = 50;
	objects = {

/* Begin PBXBuildFile section */
		8D095D0923CE65FA00908E72 /* HabitType.swift in Sources */ = {isa = PBXBuildFile; fileRef = 8D095D0823CE65FA00908E72 /* HabitType.swift */; };
		8D47E4BC23CC62B80075F87C /* AppDelegate.swift in Sources */ = {isa = PBXBuildFile; fileRef = 8D47E4BB23CC62B80075F87C /* AppDelegate.swift */; };
		8D47E4BE23CC62B80075F87C /* SceneDelegate.swift in Sources */ = {isa = PBXBuildFile; fileRef = 8D47E4BD23CC62B80075F87C /* SceneDelegate.swift */; };
		8D47E4C323CC62B80075F87C /* Main.storyboard in Resources */ = {isa = PBXBuildFile; fileRef = 8D47E4C123CC62B80075F87C /* Main.storyboard */; };
		8D47E4C623CC62B80075F87C /* Make_a_Habit.xcdatamodeld in Sources */ = {isa = PBXBuildFile; fileRef = 8D47E4C423CC62B80075F87C /* Make_a_Habit.xcdatamodeld */; };
		8D47E4C823CC62BA0075F87C /* Assets.xcassets in Resources */ = {isa = PBXBuildFile; fileRef = 8D47E4C723CC62BA0075F87C /* Assets.xcassets */; };
		8D47E4CB23CC62BA0075F87C /* LaunchScreen.storyboard in Resources */ = {isa = PBXBuildFile; fileRef = 8D47E4C923CC62BA0075F87C /* LaunchScreen.storyboard */; };
		8D54149A23CC7A4800DC6960 /* HabitsVC.swift in Sources */ = {isa = PBXBuildFile; fileRef = 8D54149923CC7A4800DC6960 /* HabitsVC.swift */; };
		8D54149C23CC819900DC6960 /* HabitCell.swift in Sources */ = {isa = PBXBuildFile; fileRef = 8D54149B23CC819900DC6960 /* HabitCell.swift */; };
		8DA92B3723D0086400AADAB2 /* FinishHabitVC.swift in Sources */ = {isa = PBXBuildFile; fileRef = 8DA92B3623D0086400AADAB2 /* FinishHabitVC.swift */; };
		8DD4B1A723CE9B6C0071B251 /* UIViewControllerExt.swift in Sources */ = {isa = PBXBuildFile; fileRef = 8DD4B1A623CE9B6C0071B251 /* UIViewControllerExt.swift */; };
		8DD4B1AB23CEA1B80071B251 /* CreateHabitVC.swift in Sources */ = {isa = PBXBuildFile; fileRef = 8DD4B1AA23CEA1B80071B251 /* CreateHabitVC.swift */; };
		8DD4B1AD23CEAB4A0071B251 /* UIViewExt.swift in Sources */ = {isa = PBXBuildFile; fileRef = 8DD4B1AC23CEAB4A0071B251 /* UIViewExt.swift */; };
		8DD4B1AF23CEAFDA0071B251 /* UIBtnExt.swift in Sources */ = {isa = PBXBuildFile; fileRef = 8DD4B1AE23CEAFDA0071B251 /* UIBtnExt.swift */; };
		8DF91B2B23D3703B000D4D2F /* FontColorExt.swift in Sources */ = {isa = PBXBuildFile; fileRef = 8DF91B2A23D3703B000D4D2F /* FontColorExt.swift */; };
/* End PBXBuildFile section */

/* Begin PBXFileReference section */
		8D095D0823CE65FA00908E72 /* HabitType.swift */ = {isa = PBXFileReference; lastKnownFileType = sourcecode.swift; path = HabitType.swift; sourceTree = "<group>"; };
		8D47E4B823CC62B80075F87C /* Make_a_Habit.app */ = {isa = PBXFileReference; explicitFileType = wrapper.application; includeInIndex = 0; path = Make_a_Habit.app; sourceTree = BUILT_PRODUCTS_DIR; };
		8D47E4BB23CC62B80075F87C /* AppDelegate.swift */ = {isa = PBXFileReference; lastKnownFileType = sourcecode.swift; path = AppDelegate.swift; sourceTree = "<group>"; };
		8D47E4BD23CC62B80075F87C /* SceneDelegate.swift */ = {isa = PBXFileReference; lastKnownFileType = sourcecode.swift; path = SceneDelegate.swift; sourceTree = "<group>"; };
		8D47E4C223CC62B80075F87C /* Base */ = {isa = PBXFileReference; lastKnownFileType = file.storyboard; name = Base; path = Base.lproj/Main.storyboard; sourceTree = "<group>"; };
		8D47E4C523CC62B80075F87C /* Make_a_Habit.xcdatamodel */ = {isa = PBXFileReference; lastKnownFileType = wrapper.xcdatamodel; path = Make_a_Habit.xcdatamodel; sourceTree = "<group>"; };
		8D47E4C723CC62BA0075F87C /* Assets.xcassets */ = {isa = PBXFileReference; lastKnownFileType = folder.assetcatalog; path = Assets.xcassets; sourceTree = "<group>"; };
		8D47E4CA23CC62BA0075F87C /* Base */ = {isa = PBXFileReference; lastKnownFileType = file.storyboard; name = Base; path = Base.lproj/LaunchScreen.storyboard; sourceTree = "<group>"; };
		8D47E4CC23CC62BA0075F87C /* Info.plist */ = {isa = PBXFileReference; lastKnownFileType = text.plist.xml; path = Info.plist; sourceTree = "<group>"; };
		8D54149923CC7A4800DC6960 /* HabitsVC.swift */ = {isa = PBXFileReference; lastKnownFileType = sourcecode.swift; path = HabitsVC.swift; sourceTree = "<group>"; };
		8D54149B23CC819900DC6960 /* HabitCell.swift */ = {isa = PBXFileReference; lastKnownFileType = sourcecode.swift; path = HabitCell.swift; sourceTree = "<group>"; };
		8DA92B3623D0086400AADAB2 /* FinishHabitVC.swift */ = {isa = PBXFileReference; lastKnownFileType = sourcecode.swift; path = FinishHabitVC.swift; sourceTree = "<group>"; };
		8DD4B1A623CE9B6C0071B251 /* UIViewControllerExt.swift */ = {isa = PBXFileReference; lastKnownFileType = sourcecode.swift; path = UIViewControllerExt.swift; sourceTree = "<group>"; };
		8DD4B1AA23CEA1B80071B251 /* CreateHabitVC.swift */ = {isa = PBXFileReference; lastKnownFileType = sourcecode.swift; path = CreateHabitVC.swift; sourceTree = "<group>"; };
		8DD4B1AC23CEAB4A0071B251 /* UIViewExt.swift */ = {isa = PBXFileReference; lastKnownFileType = sourcecode.swift; path = UIViewExt.swift; sourceTree = "<group>"; };
		8DD4B1AE23CEAFDA0071B251 /* UIBtnExt.swift */ = {isa = PBXFileReference; lastKnownFileType = sourcecode.swift; path = UIBtnExt.swift; sourceTree = "<group>"; };
		8DF91B2A23D3703B000D4D2F /* FontColorExt.swift */ = {isa = PBXFileReference; lastKnownFileType = sourcecode.swift; path = FontColorExt.swift; sourceTree = "<group>"; };
/* End PBXFileReference section */

/* Begin PBXFrameworksBuildPhase section */
		8D47E4B523CC62B80075F87C /* Frameworks */ = {
			isa = PBXFrameworksBuildPhase;
			buildActionMask = 2147483647;
			files = (
			);
			runOnlyForDeploymentPostprocessing = 0;
		};
/* End PBXFrameworksBuildPhase section */

/* Begin PBXGroup section */
		8D47E4AF23CC62B80075F87C = {
			isa = PBXGroup;
			children = (
				8D47E4BA23CC62B80075F87C /* Make_a_Habit */,
				8D47E4B923CC62B80075F87C /* Products */,
			);
			sourceTree = "<group>";
		};
		8D47E4B923CC62B80075F87C /* Products */ = {
			isa = PBXGroup;
			children = (
				8D47E4B823CC62B80075F87C /* Make_a_Habit.app */,
			);
			name = Products;
			sourceTree = "<group>";
		};
		8D47E4BA23CC62B80075F87C /* Make_a_Habit */ = {
			isa = PBXGroup;
			children = (
				8D47E4D523CC62EB0075F87C /* Extensions */,
				8D47E4D423CC62E50075F87C /* Enums */,
				8D47E4D323CC62DF0075F87C /* View */,
				8D47E4D223CC62D40075F87C /* Controller */,
				8D47E4BB23CC62B80075F87C /* AppDelegate.swift */,
				8D47E4BD23CC62B80075F87C /* SceneDelegate.swift */,
				8D47E4C123CC62B80075F87C /* Main.storyboard */,
				8D47E4C723CC62BA0075F87C /* Assets.xcassets */,
				8D47E4C923CC62BA0075F87C /* LaunchScreen.storyboard */,
				8D47E4CC23CC62BA0075F87C /* Info.plist */,
				8D47E4C423CC62B80075F87C /* Make_a_Habit.xcdatamodeld */,
			);
			path = Make_a_Habit;
			sourceTree = "<group>";
		};
		8D47E4D223CC62D40075F87C /* Controller */ = {
			isa = PBXGroup;
			children = (
				8D54149923CC7A4800DC6960 /* HabitsVC.swift */,
				8DD4B1AA23CEA1B80071B251 /* CreateHabitVC.swift */,
				8DA92B3623D0086400AADAB2 /* FinishHabitVC.swift */,
			);
			path = Controller;
			sourceTree = "<group>";
		};
		8D47E4D323CC62DF0075F87C /* View */ = {
			isa = PBXGroup;
			children = (
				8D54149B23CC819900DC6960 /* HabitCell.swift */,
			);
			path = View;
			sourceTree = "<group>";
		};
		8D47E4D423CC62E50075F87C /* Enums */ = {
			isa = PBXGroup;
			children = (
				8D095D0823CE65FA00908E72 /* HabitType.swift */,
			);
			path = Enums;
			sourceTree = "<group>";
		};
		8D47E4D523CC62EB0075F87C /* Extensions */ = {
			isa = PBXGroup;
			children = (
				8DD4B1A623CE9B6C0071B251 /* UIViewControllerExt.swift */,
				8DD4B1AC23CEAB4A0071B251 /* UIViewExt.swift */,
				8DD4B1AE23CEAFDA0071B251 /* UIBtnExt.swift */,
				8DF91B2A23D3703B000D4D2F /* FontColorExt.swift */,
			);
			path = Extensions;
			sourceTree = "<group>";
		};
/* End PBXGroup section */

/* Begin PBXNativeTarget section */
		8D47E4B723CC62B80075F87C /* Make_a_Habit */ = {
			isa = PBXNativeTarget;
			buildConfigurationList = 8D47E4CF23CC62BA0075F87C /* Build configuration list for PBXNativeTarget "Make_a_Habit" */;
			buildPhases = (
				8D47E4B423CC62B80075F87C /* Sources */,
				8D47E4B523CC62B80075F87C /* Frameworks */,
				8D47E4B623CC62B80075F87C /* Resources */,
			);
			buildRules = (
			);
			dependencies = (
			);
			name = Make_a_Habit;
			productName = Make_a_Habit;
			productReference = 8D47E4B823CC62B80075F87C /* Make_a_Habit.app */;
			productType = "com.apple.product-type.application";
		};
/* End PBXNativeTarget section */

/* Begin PBXProject section */
		8D47E4B023CC62B80075F87C /* Project object */ = {
			isa = PBXProject;
			attributes = {
				LastSwiftUpdateCheck = 1130;
				LastUpgradeCheck = 1130;
				ORGANIZATIONNAME = "Rakil Ahmed";
				TargetAttributes = {
					8D47E4B723CC62B80075F87C = {
						CreatedOnToolsVersion = 11.3;
					};
				};
			};
			buildConfigurationList = 8D47E4B323CC62B80075F87C /* Build configuration list for PBXProject "Make_a_Habit" */;
			compatibilityVersion = "Xcode 9.3";
			developmentRegion = en;
			hasScannedForEncodings = 0;
			knownRegions = (
				en,
				Base,
			);
			mainGroup = 8D47E4AF23CC62B80075F87C;
			productRefGroup = 8D47E4B923CC62B80075F87C /* Products */;
			projectDirPath = "";
			projectRoot = "";
			targets = (
				8D47E4B723CC62B80075F87C /* Make_a_Habit */,
			);
		};
/* End PBXProject section */

/* Begin PBXResourcesBuildPhase section */
		8D47E4B623CC62B80075F87C /* Resources */ = {
			isa = PBXResourcesBuildPhase;
			buildActionMask = 2147483647;
			files = (
				8D47E4CB23CC62BA0075F87C /* LaunchScreen.storyboard in Resources */,
				8D47E4C823CC62BA0075F87C /* Assets.xcassets in Resources */,
				8D47E4C323CC62B80075F87C /* Main.storyboard in Resources */,
			);
			runOnlyForDeploymentPostprocessing = 0;
		};
/* End PBXResourcesBuildPhase section */

/* Begin PBXSourcesBuildPhase section */
		8D47E4B423CC62B80075F87C /* Sources */ = {
			isa = PBXSourcesBuildPhase;
			buildActionMask = 2147483647;
			files = (
				8DA92B3723D0086400AADAB2 /* FinishHabitVC.swift in Sources */,
				8DD4B1AD23CEAB4A0071B251 /* UIViewExt.swift in Sources */,
				8D47E4BC23CC62B80075F87C /* AppDelegate.swift in Sources */,
				8D54149A23CC7A4800DC6960 /* HabitsVC.swift in Sources */,
				8DF91B2B23D3703B000D4D2F /* FontColorExt.swift in Sources */,
				8D47E4C623CC62B80075F87C /* Make_a_Habit.xcdatamodeld in Sources */,
				8DD4B1AB23CEA1B80071B251 /* CreateHabitVC.swift in Sources */,
				8D54149C23CC819900DC6960 /* HabitCell.swift in Sources */,
				8DD4B1AF23CEAFDA0071B251 /* UIBtnExt.swift in Sources */,
				8D095D0923CE65FA00908E72 /* HabitType.swift in Sources */,
				8DD4B1A723CE9B6C0071B251 /* UIViewControllerExt.swift in Sources */,
				8D47E4BE23CC62B80075F87C /* SceneDelegate.swift in Sources */,
			);
			runOnlyForDeploymentPostprocessing = 0;
		};
/* End PBXSourcesBuildPhase section */

/* Begin PBXVariantGroup section */
		8D47E4C123CC62B80075F87C /* Main.storyboard */ = {
			isa = PBXVariantGroup;
			children = (
				8D47E4C223CC62B80075F87C /* Base */,
			);
			name = Main.storyboard;
			sourceTree = "<group>";
		};
		8D47E4C923CC62BA0075F87C /* LaunchScreen.storyboard */ = {
			isa = PBXVariantGroup;
			children = (
				8D47E4CA23CC62BA0075F87C /* Base */,
			);
			name = LaunchScreen.storyboard;
			sourceTree = "<group>";
		};
/* End PBXVariantGroup section */

/* Begin XCBuildConfiguration section */
		8D47E4CD23CC62BA0075F87C /* Debug */ = {
			isa = XCBuildConfiguration;
			buildSettings = {
				ALWAYS_SEARCH_USER_PATHS = NO;
				CLANG_ANALYZER_NONNULL = YES;
				CLANG_ANALYZER_NUMBER_OBJECT_CONVERSION = YES_AGGRESSIVE;
				CLANG_CXX_LANGUAGE_STANDARD = "gnu++14";
				CLANG_CXX_LIBRARY = "libc++";
				CLANG_ENABLE_MODULES = YES;
				CLANG_ENABLE_OBJC_ARC = YES;
				CLANG_ENABLE_OBJC_WEAK = YES;
				CLANG_WARN_BLOCK_CAPTURE_AUTORELEASING = YES;
				CLANG_WARN_BOOL_CONVERSION = YES;
				CLANG_WARN_COMMA = YES;
				CLANG_WARN_CONSTANT_CONVERSION = YES;
				CLANG_WARN_DEPRECATED_OBJC_IMPLEMENTATIONS = YES;
				CLANG_WARN_DIRECT_OBJC_ISA_USAGE = YES_ERROR;
				CLANG_WARN_DOCUMENTATION_COMMENTS = YES;
				CLANG_WARN_EMPTY_BODY = YES;
				CLANG_WARN_ENUM_CONVERSION = YES;
				CLANG_WARN_INFINITE_RECURSION = YES;
				CLANG_WARN_INT_CONVERSION = YES;
				CLANG_WARN_NON_LITERAL_NULL_CONVERSION = YES;
				CLANG_WARN_OBJC_IMPLICIT_RETAIN_SELF = YES;
				CLANG_WARN_OBJC_LITERAL_CONVERSION = YES;
				CLANG_WARN_OBJC_ROOT_CLASS = YES_ERROR;
				CLANG_WARN_RANGE_LOOP_ANALYSIS = YES;
				CLANG_WARN_STRICT_PROTOTYPES = YES;
				CLANG_WARN_SUSPICIOUS_MOVE = YES;
				CLANG_WARN_UNGUARDED_AVAILABILITY = YES_AGGRESSIVE;
				CLANG_WARN_UNREACHABLE_CODE = YES;
				CLANG_WARN__DUPLICATE_METHOD_MATCH = YES;
				COPY_PHASE_STRIP = NO;
				DEBUG_INFORMATION_FORMAT = dwarf;
				ENABLE_STRICT_OBJC_MSGSEND = YES;
				ENABLE_TESTABILITY = YES;
				GCC_C_LANGUAGE_STANDARD = gnu11;
				GCC_DYNAMIC_NO_PIC = NO;
				GCC_NO_COMMON_BLOCKS = YES;
				GCC_OPTIMIZATION_LEVEL = 0;
				GCC_PREPROCESSOR_DEFINITIONS = (
					"DEBUG=1",
					"$(inherited)",
				);
				GCC_WARN_64_TO_32_BIT_CONVERSION = YES;
				GCC_WARN_ABOUT_RETURN_TYPE = YES_ERROR;
				GCC_WARN_UNDECLARED_SELECTOR = YES;
				GCC_WARN_UNINITIALIZED_AUTOS = YES_AGGRESSIVE;
				GCC_WARN_UNUSED_FUNCTION = YES;
				GCC_WARN_UNUSED_VARIABLE = YES;
				IPHONEOS_DEPLOYMENT_TARGET = 13.2;
				MTL_ENABLE_DEBUG_INFO = INCLUDE_SOURCE;
				MTL_FAST_MATH = YES;
				ONLY_ACTIVE_ARCH = YES;
				SDKROOT = iphoneos;
				SWIFT_ACTIVE_COMPILATION_CONDITIONS = DEBUG;
				SWIFT_OPTIMIZATION_LEVEL = "-Onone";
			};
			name = Debug;
		};
		8D47E4CE23CC62BA0075F87C /* Release */ = {
			isa = XCBuildConfiguration;
			buildSettings = {
				ALWAYS_SEARCH_USER_PATHS = NO;
				CLANG_ANALYZER_NONNULL = YES;
				CLANG_ANALYZER_NUMBER_OBJECT_CONVERSION = YES_AGGRESSIVE;
				CLANG_CXX_LANGUAGE_STANDARD = "gnu++14";
				CLANG_CXX_LIBRARY = "libc++";
				CLANG_ENABLE_MODULES = YES;
				CLANG_ENABLE_OBJC_ARC = YES;
				CLANG_ENABLE_OBJC_WEAK = YES;
				CLANG_WARN_BLOCK_CAPTURE_AUTORELEASING = YES;
				CLANG_WARN_BOOL_CONVERSION = YES;
				CLANG_WARN_COMMA = YES;
				CLANG_WARN_CONSTANT_CONVERSION = YES;
				CLANG_WARN_DEPRECATED_OBJC_IMPLEMENTATIONS = YES;
				CLANG_WARN_DIRECT_OBJC_ISA_USAGE = YES_ERROR;
				CLANG_WARN_DOCUMENTATION_COMMENTS = YES;
				CLANG_WARN_EMPTY_BODY = YES;
				CLANG_WARN_ENUM_CONVERSION = YES;
				CLANG_WARN_INFINITE_RECURSION = YES;
				CLANG_WARN_INT_CONVERSION = YES;
				CLANG_WARN_NON_LITERAL_NULL_CONVERSION = YES;
				CLANG_WARN_OBJC_IMPLICIT_RETAIN_SELF = YES;
				CLANG_WARN_OBJC_LITERAL_CONVERSION = YES;
				CLANG_WARN_OBJC_ROOT_CLASS = YES_ERROR;
				CLANG_WARN_RANGE_LOOP_ANALYSIS = YES;
				CLANG_WARN_STRICT_PROTOTYPES = YES;
				CLANG_WARN_SUSPICIOUS_MOVE = YES;
				CLANG_WARN_UNGUARDED_AVAILABILITY = YES_AGGRESSIVE;
				CLANG_WARN_UNREACHABLE_CODE = YES;
				CLANG_WARN__DUPLICATE_METHOD_MATCH = YES;
				COPY_PHASE_STRIP = NO;
				DEBUG_INFORMATION_FORMAT = "dwarf-with-dsym";
				ENABLE_NS_ASSERTIONS = NO;
				ENABLE_STRICT_OBJC_MSGSEND = YES;
				GCC_C_LANGUAGE_STANDARD = gnu11;
				GCC_NO_COMMON_BLOCKS = YES;
				GCC_WARN_64_TO_32_BIT_CONVERSION = YES;
				GCC_WARN_ABOUT_RETURN_TYPE = YES_ERROR;
				GCC_WARN_UNDECLARED_SELECTOR = YES;
				GCC_WARN_UNINITIALIZED_AUTOS = YES_AGGRESSIVE;
				GCC_WARN_UNUSED_FUNCTION = YES;
				GCC_WARN_UNUSED_VARIABLE = YES;
				IPHONEOS_DEPLOYMENT_TARGET = 13.2;
				MTL_ENABLE_DEBUG_INFO = NO;
				MTL_FAST_MATH = YES;
				SDKROOT = iphoneos;
				SWIFT_COMPILATION_MODE = wholemodule;
				SWIFT_OPTIMIZATION_LEVEL = "-O";
				VALIDATE_PRODUCT = YES;
			};
			name = Release;
		};
		8D47E4D023CC62BA0075F87C /* Debug */ = {
			isa = XCBuildConfiguration;
			buildSettings = {
				ASSETCATALOG_COMPILER_APPICON_NAME = AppIcon;
				CODE_SIGN_STYLE = Automatic;
				DEVELOPMENT_TEAM = HT5QHZVQ62;
				INFOPLIST_FILE = Make_a_Habit/Info.plist;
				LD_RUNPATH_SEARCH_PATHS = (
					"$(inherited)",
					"@executable_path/Frameworks",
				);
				PRODUCT_BUNDLE_IDENTIFIER = "com.rakilahmed.Make-a-Habit";
				PRODUCT_NAME = "$(TARGET_NAME)";
				SWIFT_VERSION = 5.0;
				TARGETED_DEVICE_FAMILY = "1,2";
			};
			name = Debug;
		};
		8D47E4D123CC62BA0075F87C /* Release */ = {
			isa = XCBuildConfiguration;
			buildSettings = {
				ASSETCATALOG_COMPILER_APPICON_NAME = AppIcon;
				CODE_SIGN_STYLE = Automatic;
				DEVELOPMENT_TEAM = HT5QHZVQ62;
				INFOPLIST_FILE = Make_a_Habit/Info.plist;
				LD_RUNPATH_SEARCH_PATHS = (
					"$(inherited)",
					"@executable_path/Frameworks",
				);
				PRODUCT_BUNDLE_IDENTIFIER = "com.rakilahmed.Make-a-Habit";
				PRODUCT_NAME = "$(TARGET_NAME)";
				SWIFT_VERSION = 5.0;
				TARGETED_DEVICE_FAMILY = "1,2";
			};
			name = Release;
		};
/* End XCBuildConfiguration section */

/* Begin XCConfigurationList section */
		8D47E4B323CC62B80075F87C /* Build configuration list for PBXProject "Make_a_Habit" */ = {
			isa = XCConfigurationList;
			buildConfigurations = (
				8D47E4CD23CC62BA0075F87C /* Debug */,
				8D47E4CE23CC62BA0075F87C /* Release */,
			);
			defaultConfigurationIsVisible = 0;
			defaultConfigurationName = Release;
		};
		8D47E4CF23CC62BA0075F87C /* Build configuration list for PBXNativeTarget "Make_a_Habit" */ = {
			isa = XCConfigurationList;
			buildConfigurations = (
				8D47E4D023CC62BA0075F87C /* Debug */,
				8D47E4D123CC62BA0075F87C /* Release */,
			);
			defaultConfigurationIsVisible = 0;
			defaultConfigurationName = Release;
		};
/* End XCConfigurationList section */

/* Begin XCVersionGroup section */
		8D47E4C423CC62B80075F87C /* Make_a_Habit.xcdatamodeld */ = {
			isa = XCVersionGroup;
			children = (
				8D47E4C523CC62B80075F87C /* Make_a_Habit.xcdatamodel */,
			);
			currentVersion = 8D47E4C523CC62B80075F87C /* Make_a_Habit.xcdatamodel */;
			path = Make_a_Habit.xcdatamodeld;
			sourceTree = "<group>";
			versionGroupType = wrapper.xcdatamodel;
		};
/* End XCVersionGroup section */
	};
	rootObject = 8D47E4B023CC62B80075F87C /* Project object */;
}
